
Microsoft Visual Studio Solution File, Format Version 12.00
# Visual Studio Version 16
VisualStudioVersion = 16.0.29403.142
MinimumVisualStudioVersion = 10.0.40219.1
Project("{FAE04EC0-301F-11D3-BF4B-00C04F79EFBC}") = "LambdaExpressions", "LambdaExpressions\LambdaExpressions.csproj", "{E2B6D38D-4C7E-421A-962C-D35FCFC2D59C}"
EndProject
Global
	GlobalSection(SolutionConfigurationPlatforms) = preSolution
		Debug|Any CPU = Debug|Any CPU
		Release|Any CPU = Release|Any CPU
	EndGlobalSection
	GlobalSection(ProjectConfigurationPlatforms) = postSolution
		{E2B6D38D-4C7E-421A-962C-D35FCFC2D59C}.Debug|Any CPU.ActiveCfg = Debug|Any CPU
		{E2B6D38D-4C7E-421A-962C-D35FCFC2D59C}.Debug|Any CPU.Build.0 = Debug|Any CPU
		{E2B6D38D-4C7E-421A-962C-D35FCFC2D59C}.Release|Any CPU.ActiveCfg = Release|Any CPU
		{E2B6D38D-4C7E-421A-962C-D35FCFC2D59C}.Release|Any CPU.Build.0 = Release|Any CPU
	EndGlobalSection
	GlobalSection(SolutionProperties) = preSolution
		HideSolutionNode = FALSE
	EndGlobalSection
	GlobalSection(ExtensibilityGlobals) = postSolution
		SolutionGuid = {D8905FCB-7E37-41FB-B1AB-771233F6CA71}
	EndGlobalSection
EndGlobal
