
Microsoft Visual Studio Solution File, Format Version 12.00
# Visual Studio Version 16
VisualStudioVersion = 16.0.29403.142
MinimumVisualStudioVersion = 10.0.40219.1
Project("{FAE04EC0-301F-11D3-BF4B-00C04F79EFBC}") = "tuples", "tuples\tuples.csproj", "{B3376B09-71D7-4347-B4A2-0CD7E503C42C}"
EndProject
Global
	GlobalSection(SolutionConfigurationPlatforms) = preSolution
		Debug|Any CPU = Debug|Any CPU
		Release|Any CPU = Release|Any CPU
	EndGlobalSection
	GlobalSection(ProjectConfigurationPlatforms) = postSolution
		{B3376B09-71D7-4347-B4A2-0CD7E503C42C}.Debug|Any CPU.ActiveCfg = Debug|Any CPU
		{B3376B09-71D7-4347-B4A2-0CD7E503C42C}.Debug|Any CPU.Build.0 = Debug|Any CPU
		{B3376B09-71D7-4347-B4A2-0CD7E503C42C}.Release|Any CPU.ActiveCfg = Release|Any CPU
		{B3376B09-71D7-4347-B4A2-0CD7E503C42C}.Release|Any CPU.Build.0 = Release|Any CPU
	EndGlobalSection
	GlobalSection(SolutionProperties) = preSolution
		HideSolutionNode = FALSE
	EndGlobalSection
	GlobalSection(ExtensibilityGlobals) = postSolution
		SolutionGuid = {4656CD1E-4EFA-4970-B7EB-43EC6A68729D}
	EndGlobalSection
EndGlobal
