
Microsoft Visual Studio Solution File, Format Version 12.00
# Visual Studio Version 16
VisualStudioVersion = 16.0.29326.143
MinimumVisualStudioVersion = 10.0.40219.1
Project("{FAE04EC0-301F-11D3-BF4B-00C04F79EFBC}") = "SwitchStatementsRedux", "SwitchStatementsRedux\SwitchStatementsRedux.csproj", "{E16383A8-C314-467E-9652-59064BDE5E74}"
EndProject
Global
	GlobalSection(SolutionConfigurationPlatforms) = preSolution
		Debug|Any CPU = Debug|Any CPU
		Release|Any CPU = Release|Any CPU
	EndGlobalSection
	GlobalSection(ProjectConfigurationPlatforms) = postSolution
		{E16383A8-C314-467E-9652-59064BDE5E74}.Debug|Any CPU.ActiveCfg = Debug|Any CPU
		{E16383A8-C314-467E-9652-59064BDE5E74}.Debug|Any CPU.Build.0 = Debug|Any CPU
		{E16383A8-C314-467E-9652-59064BDE5E74}.Release|Any CPU.ActiveCfg = Release|Any CPU
		{E16383A8-C314-467E-9652-59064BDE5E74}.Release|Any CPU.Build.0 = Release|Any CPU
	EndGlobalSection
	GlobalSection(SolutionProperties) = preSolution
		HideSolutionNode = FALSE
	EndGlobalSection
	GlobalSection(ExtensibilityGlobals) = postSolution
		SolutionGuid = {EA4E1157-95FC-42A2-B779-3D7CB7503F5A}
	EndGlobalSection
EndGlobal
