
Microsoft Visual Studio Solution File, Format Version 12.00
# Visual Studio Version 16
VisualStudioVersion = 16.0.29326.143
MinimumVisualStudioVersion = 10.0.40219.1
Project("{FAE04EC0-301F-11D3-BF4B-00C04F79EFBC}") = "NullOperators", "NullOperators\NullOperators.csproj", "{19D13842-F56B-43FC-807F-4C44A1F6A890}"
EndProject
Global
	GlobalSection(SolutionConfigurationPlatforms) = preSolution
		Debug|Any CPU = Debug|Any CPU
		Release|Any CPU = Release|Any CPU
	EndGlobalSection
	GlobalSection(ProjectConfigurationPlatforms) = postSolution
		{19D13842-F56B-43FC-807F-4C44A1F6A890}.Debug|Any CPU.ActiveCfg = Debug|Any CPU
		{19D13842-F56B-43FC-807F-4C44A1F6A890}.Debug|Any CPU.Build.0 = Debug|Any CPU
		{19D13842-F56B-43FC-807F-4C44A1F6A890}.Release|Any CPU.ActiveCfg = Release|Any CPU
		{19D13842-F56B-43FC-807F-4C44A1F6A890}.Release|Any CPU.Build.0 = Release|Any CPU
	EndGlobalSection
	GlobalSection(SolutionProperties) = preSolution
		HideSolutionNode = FALSE
	EndGlobalSection
	GlobalSection(ExtensibilityGlobals) = postSolution
		SolutionGuid = {16D1C7C8-FD4F-4142-8EB5-6A21F814429C}
	EndGlobalSection
EndGlobal
