
Microsoft Visual Studio Solution File, Format Version 12.00
# Visual Studio Version 16
VisualStudioVersion = 16.0.29403.142
MinimumVisualStudioVersion = 10.0.40219.1
Project("{FAE04EC0-301F-11D3-BF4B-00C04F79EFBC}") = "IndicesAndRanges", "IndicesAndRanges\IndicesAndRanges.csproj", "{8A6E8BB4-5A4C-491F-93E8-22B7AF136298}"
EndProject
Global
	GlobalSection(SolutionConfigurationPlatforms) = preSolution
		Debug|Any CPU = Debug|Any CPU
		Release|Any CPU = Release|Any CPU
	EndGlobalSection
	GlobalSection(ProjectConfigurationPlatforms) = postSolution
		{8A6E8BB4-5A4C-491F-93E8-22B7AF136298}.Debug|Any CPU.ActiveCfg = Debug|Any CPU
		{8A6E8BB4-5A4C-491F-93E8-22B7AF136298}.Debug|Any CPU.Build.0 = Debug|Any CPU
		{8A6E8BB4-5A4C-491F-93E8-22B7AF136298}.Release|Any CPU.ActiveCfg = Release|Any CPU
		{8A6E8BB4-5A4C-491F-93E8-22B7AF136298}.Release|Any CPU.Build.0 = Release|Any CPU
	EndGlobalSection
	GlobalSection(SolutionProperties) = preSolution
		HideSolutionNode = FALSE
	EndGlobalSection
	GlobalSection(ExtensibilityGlobals) = postSolution
		SolutionGuid = {141BFE98-AEF2-4920-92D4-F42A375FEEEB}
	EndGlobalSection
EndGlobal
